// !$*UTF8*$!
{
	archiveVersion = 1;
	classes = {
	};
	objectVersion = 48;
	objects = {

/* Begin PBXBuildFile section */
		A204526A20DE49600009FEB1 /* AppDelegate.m in Sources */ = {isa = PBXBuildFile; fileRef = A204526920DE49600009FEB1 /* AppDelegate.m */; };
		A204526D20DE49600009FEB1 /* ViewController.m in Sources */ = {isa = PBXBuildFile; fileRef = A204526C20DE49600009FEB1 /* ViewController.m */; };
		A204527020DE49600009FEB1 /* Main.storyboard in Resources */ = {isa = PBXBuildFile; fileRef = A204526E20DE49600009FEB1 /* Main.storyboard */; };
		A204527220DE49600009FEB1 /* Assets.xcassets in Resources */ = {isa = PBXBuildFile; fileRef = A204527120DE49600009FEB1 /* Assets.xcassets */; };
		A204527520DE49600009FEB1 /* LaunchScreen.storyboard in Resources */ = {isa = PBXBuildFile; fileRef = A204527320DE49600009FEB1 /* LaunchScreen.storyboard */; };
		A204527820DE49600009FEB1 /* main.m in Sources */ = {isa = PBXBuildFile; fileRef = A204527720DE49600009FEB1 /* main.m */; };
		FFE943EE30B7DE32F04AA982 /* libPods-录屏demo.a in Frameworks */ = {isa = PBXBuildFile; fileRef = AC43B30F72F8D70AAF2D671F /* libPods-录屏demo.a */; };
/* End PBXBuildFile section */

/* Begin PBXFileReference section */
		17DE29891C3B1808D6F494B9 /* Pods-录屏demo.debug.xcconfig */ = {isa = PBXFileReference; includeInIndex = 1; lastKnownFileType = text.xcconfig; name = "Pods-录屏demo.debug.xcconfig"; path = "Pods/Target Support Files/Pods-录屏demo/Pods-录屏demo.debug.xcconfig"; sourceTree = "<group>"; };
		A204526520DE49600009FEB1 /* 录屏demo.app */ = {isa = PBXFileReference; explicitFileType = wrapper.application; includeInIndex = 0; path = "录屏demo.app"; sourceTree = BUILT_PRODUCTS_DIR; };
		A204526820DE49600009FEB1 /* AppDelegate.h */ = {isa = PBXFileReference; lastKnownFileType = sourcecode.c.h; path = AppDelegate.h; sourceTree = "<group>"; };
		A204526920DE49600009FEB1 /* AppDelegate.m */ = {isa = PBXFileReference; lastKnownFileType = sourcecode.c.objc; path = AppDelegate.m; sourceTree = "<group>"; };
		A204526B20DE49600009FEB1 /* ViewController.h */ = {isa = PBXFileReference; lastKnownFileType = sourcecode.c.h; path = ViewController.h; sourceTree = "<group>"; };
		A204526C20DE49600009FEB1 /* ViewController.m */ = {isa = PBXFileReference; lastKnownFileType = sourcecode.c.objc; path = ViewController.m; sourceTree = "<group>"; };
		A204526F20DE49600009FEB1 /* Base */ = {isa = PBXFileReference; lastKnownFileType = file.storyboard; name = Base; path = Base.lproj/Main.storyboard; sourceTree = "<group>"; };
		A204527120DE49600009FEB1 /* Assets.xcassets */ = {isa = PBXFileReference; lastKnownFileType = folder.assetcatalog; path = Assets.xcassets; sourceTree = "<group>"; };
		A204527420DE49600009FEB1 /* Base */ = {isa = PBXFileReference; lastKnownFileType = file.storyboard; name = Base; path = Base.lproj/LaunchScreen.storyboard; sourceTree = "<group>"; };
		A204527620DE49600009FEB1 /* Info.plist */ = {isa = PBXFileReference; lastKnownFileType = text.plist.xml; path = Info.plist; sourceTree = "<group>"; };
		A204527720DE49600009FEB1 /* main.m */ = {isa = PBXFileReference; lastKnownFileType = sourcecode.c.objc; path = main.m; sourceTree = "<group>"; };
		A204528020DE4C060009FEB1 /* PrefixHeader.pch */ = {isa = PBXFileReference; lastKnownFileType = sourcecode.c.h; path = PrefixHeader.pch; sourceTree = "<group>"; };
		AC43B30F72F8D70AAF2D671F /* libPods-录屏demo.a */ = {isa = PBXFileReference; explicitFileType = archive.ar; includeInIndex = 0; path = "libPods-录屏demo.a"; sourceTree = BUILT_PRODUCTS_DIR; };
		BE57D40DDF74A9B81D8E4C55 /* Pods-录屏demo.release.xcconfig */ = {isa = PBXFileReference; includeInIndex = 1; lastKnownFileType = text.xcconfig; name = "Pods-录屏demo.release.xcconfig"; path = "Pods/Target Support Files/Pods-录屏demo/Pods-录屏demo.release.xcconfig"; sourceTree = "<group>"; };
/* End PBXFileReference section */

/* Begin PBXFrameworksBuildPhase section */
		A204526220DE49600009FEB1 /* Frameworks */ = {
			isa = PBXFrameworksBuildPhase;
			buildActionMask = 2147483647;
			files = (
				FFE943EE30B7DE32F04AA982 /* libPods-录屏demo.a in Frameworks */,
			);
			runOnlyForDeploymentPostprocessing = 0;
		};
/* End PBXFrameworksBuildPhase section */

/* Begin PBXGroup section */
		A204525C20DE49600009FEB1 = {
			isa = PBXGroup;
			children = (
				A204526720DE49600009FEB1 /* 录屏demo */,
				A204526620DE49600009FEB1 /* Products */,
				D2611754B757E52D7D1A8986 /* Pods */,
				F836639D701A5B6DADB742E0 /* Frameworks */,
			);
			sourceTree = "<group>";
		};
		A204526620DE49600009FEB1 /* Products */ = {
			isa = PBXGroup;
			children = (
				A204526520DE49600009FEB1 /* 录屏demo.app */,
			);
			name = Products;
			sourceTree = "<group>";
		};
		A204526720DE49600009FEB1 /* 录屏demo */ = {
			isa = PBXGroup;
			children = (
				A204527F20DE4BE40009FEB1 /* View */,
				A204527E20DE4BD50009FEB1 /* controller */,
				A204526820DE49600009FEB1 /* AppDelegate.h */,
				A204526920DE49600009FEB1 /* AppDelegate.m */,
				A204526B20DE49600009FEB1 /* ViewController.h */,
				A204526C20DE49600009FEB1 /* ViewController.m */,
				A204526E20DE49600009FEB1 /* Main.storyboard */,
				A204527120DE49600009FEB1 /* Assets.xcassets */,
				A204527320DE49600009FEB1 /* LaunchScreen.storyboard */,
				A204527620DE49600009FEB1 /* Info.plist */,
				A204527720DE49600009FEB1 /* main.m */,
				A204528020DE4C060009FEB1 /* PrefixHeader.pch */,
			);
			path = "录屏demo";
			sourceTree = "<group>";
		};
		A204527E20DE4BD50009FEB1 /* controller */ = {
			isa = PBXGroup;
			children = (
			);
			path = controller;
			sourceTree = "<group>";
		};
		A204527F20DE4BE40009FEB1 /* View */ = {
			isa = PBXGroup;
			children = (
			);
			path = View;
			sourceTree = "<group>";
		};
		D2611754B757E52D7D1A8986 /* Pods */ = {
			isa = PBXGroup;
			children = (
				17DE29891C3B1808D6F494B9 /* Pods-录屏demo.debug.xcconfig */,
				BE57D40DDF74A9B81D8E4C55 /* Pods-录屏demo.release.xcconfig */,
			);
			name = Pods;
			sourceTree = "<group>";
		};
		F836639D701A5B6DADB742E0 /* Frameworks */ = {
			isa = PBXGroup;
			children = (
				AC43B30F72F8D70AAF2D671F /* libPods-录屏demo.a */,
			);
			name = Frameworks;
			sourceTree = "<group>";
		};
/* End PBXGroup section */

/* Begin PBXNativeTarget section */
		A204526420DE49600009FEB1 /* 录屏demo */ = {
			isa = PBXNativeTarget;
			buildConfigurationList = A204527B20DE49600009FEB1 /* Build configuration list for PBXNativeTarget "录屏demo" */;
			buildPhases = (
				1AE3BEADE94A36ADBFB0B25E /* [CP] Check Pods Manifest.lock */,
				A204526120DE49600009FEB1 /* Sources */,
				A204526220DE49600009FEB1 /* Frameworks */,
				A204526320DE49600009FEB1 /* Resources */,
				1B720FF2234EEEF4E496394F /* [CP] Embed Pods Frameworks */,
				A3AD14EB74B88C7D7D54574F /* [CP] Copy Pods Resources */,
			);
			buildRules = (
			);
			dependencies = (
			);
			name = "录屏demo";
			productName = "录屏demo";
			productReference = A204526520DE49600009FEB1 /* 录屏demo.app */;
			productType = "com.apple.product-type.application";
		};
/* End PBXNativeTarget section */

/* Begin PBXProject section */
		A204525D20DE49600009FEB1 /* Project object */ = {
			isa = PBXProject;
			attributes = {
				LastUpgradeCheck = 0920;
				ORGANIZATIONNAME = zkl;
				TargetAttributes = {
					A204526420DE49600009FEB1 = {
						CreatedOnToolsVersion = 9.2;
						ProvisioningStyle = Automatic;
					};
				};
			};
			buildConfigurationList = A204526020DE49600009FEB1 /* Build configuration list for PBXProject "录屏demo" */;
			compatibilityVersion = "Xcode 8.0";
			developmentRegion = en;
			hasScannedForEncodings = 0;
			knownRegions = (
				en,
				Base,
			);
			mainGroup = A204525C20DE49600009FEB1;
			productRefGroup = A204526620DE49600009FEB1 /* Products */;
			projectDirPath = "";
			projectRoot = "";
			targets = (
				A204526420DE49600009FEB1 /* 录屏demo */,
			);
		};
/* End PBXProject section */

/* Begin PBXResourcesBuildPhase section */
		A204526320DE49600009FEB1 /* Resources */ = {
			isa = PBXResourcesBuildPhase;
			buildActionMask = 2147483647;
			files = (
				A204527520DE49600009FEB1 /* LaunchScreen.storyboard in Resources */,
				A204527220DE49600009FEB1 /* Assets.xcassets in Resources */,
				A204527020DE49600009FEB1 /* Main.storyboard in Resources */,
			);
			runOnlyForDeploymentPostprocessing = 0;
		};
/* End PBXResourcesBuildPhase section */

/* Begin PBXShellScriptBuildPhase section */
		1AE3BEADE94A36ADBFB0B25E /* [CP] Check Pods Manifest.lock */ = {
			isa = PBXShellScriptBuildPhase;
			buildActionMask = 2147483647;
			files = (
			);
			inputPaths = (
				"${PODS_PODFILE_DIR_PATH}/Podfile.lock",
				"${PODS_ROOT}/Manifest.lock",
			);
			name = "[CP] Check Pods Manifest.lock";
			outputPaths = (
				"$(DERIVED_FILE_DIR)/Pods-录屏demo-checkManifestLockResult.txt",
			);
			runOnlyForDeploymentPostprocessing = 0;
			shellPath = /bin/sh;
			shellScript = "diff \"${PODS_PODFILE_DIR_PATH}/Podfile.lock\" \"${PODS_ROOT}/Manifest.lock\" > /dev/null\nif [ $? != 0 ] ; then\n    # print error to STDERR\n    echo \"error: The sandbox is not in sync with the Podfile.lock. Run 'pod install' or update your CocoaPods installation.\" >&2\n    exit 1\nfi\n# This output is used by Xcode 'outputs' to avoid re-running this script phase.\necho \"SUCCESS\" > \"${SCRIPT_OUTPUT_FILE_0}\"\n";
			showEnvVarsInLog = 0;
		};
		1B720FF2234EEEF4E496394F /* [CP] Embed Pods Frameworks */ = {
			isa = PBXShellScriptBuildPhase;
			buildActionMask = 2147483647;
			files = (
			);
			inputPaths = (
			);
			name = "[CP] Embed Pods Frameworks";
			outputPaths = (
			);
			runOnlyForDeploymentPostprocessing = 0;
			shellPath = /bin/sh;
			shellScript = "\"${SRCROOT}/Pods/Target Support Files/Pods-录屏demo/Pods-录屏demo-frameworks.sh\"\n";
			showEnvVarsInLog = 0;
		};
		A3AD14EB74B88C7D7D54574F /* [CP] Copy Pods Resources */ = {
			isa = PBXShellScriptBuildPhase;
			buildActionMask = 2147483647;
			files = (
			);
			inputPaths = (
			);
			name = "[CP] Copy Pods Resources";
			outputPaths = (
			);
			runOnlyForDeploymentPostprocessing = 0;
			shellPath = /bin/sh;
			shellScript = "\"${SRCROOT}/Pods/Target Support Files/Pods-录屏demo/Pods-录屏demo-resources.sh\"\n";
			showEnvVarsInLog = 0;
		};
/* End PBXShellScriptBuildPhase section */

/* Begin PBXSourcesBuildPhase section */
		A204526120DE49600009FEB1 /* Sources */ = {
			isa = PBXSourcesBuildPhase;
			buildActionMask = 2147483647;
			files = (
				A204526D20DE49600009FEB1 /* ViewController.m in Sources */,
				A204527820DE49600009FEB1 /* main.m in Sources */,
				A204526A20DE49600009FEB1 /* AppDelegate.m in Sources */,
			);
			runOnlyForDeploymentPostprocessing = 0;
		};
/* End PBXSourcesBuildPhase section */

/* Begin PBXVariantGroup section */
		A204526E20DE49600009FEB1 /* Main.storyboard */ = {
			isa = PBXVariantGroup;
			children = (
				A204526F20DE49600009FEB1 /* Base */,
			);
			name = Main.storyboard;
			sourceTree = "<group>";
		};
		A204527320DE49600009FEB1 /* LaunchScreen.storyboard */ = {
			isa = PBXVariantGroup;
			children = (
				A204527420DE49600009FEB1 /* Base */,
			);
			name = LaunchScreen.storyboard;
			sourceTree = "<group>";
		};
/* End PBXVariantGroup section */

/* Begin XCBuildConfiguration section */
		A204527920DE49600009FEB1 /* Debug */ = {
			isa = XCBuildConfiguration;
			buildSettings = {
				ALWAYS_SEARCH_USER_PATHS = NO;
				CLANG_ANALYZER_NONNULL = YES;
				CLANG_ANALYZER_NUMBER_OBJECT_CONVERSION = YES_AGGRESSIVE;
				CLANG_CXX_LANGUAGE_STANDARD = "gnu++14";
				CLANG_CXX_LIBRARY = "libc++";
				CLANG_ENABLE_MODULES = YES;
				CLANG_ENABLE_OBJC_ARC = YES;
				CLANG_WARN_BLOCK_CAPTURE_AUTORELEASING = YES;
				CLANG_WARN_BOOL_CONVERSION = YES;
				CLANG_WARN_COMMA = YES;
				CLANG_WARN_CONSTANT_CONVERSION = YES;
				CLANG_WARN_DIRECT_OBJC_ISA_USAGE = YES_ERROR;
				CLANG_WARN_DOCUMENTATION_COMMENTS = YES;
				CLANG_WARN_EMPTY_BODY = YES;
				CLANG_WARN_ENUM_CONVERSION = YES;
				CLANG_WARN_INFINITE_RECURSION = YES;
				CLANG_WARN_INT_CONVERSION = YES;
				CLANG_WARN_NON_LITERAL_NULL_CONVERSION = YES;
				CLANG_WARN_OBJC_LITERAL_CONVERSION = YES;
				CLANG_WARN_OBJC_ROOT_CLASS = YES_ERROR;
				CLANG_WARN_RANGE_LOOP_ANALYSIS = YES;
				CLANG_WARN_STRICT_PROTOTYPES = YES;
				CLANG_WARN_SUSPICIOUS_MOVE = YES;
				CLANG_WARN_UNGUARDED_AVAILABILITY = YES_AGGRESSIVE;
				CLANG_WARN_UNREACHABLE_CODE = YES;
				CLANG_WARN__DUPLICATE_METHOD_MATCH = YES;
				CODE_SIGN_IDENTITY = "iPhone Developer";
				COPY_PHASE_STRIP = NO;
				DEBUG_INFORMATION_FORMAT = dwarf;
				ENABLE_STRICT_OBJC_MSGSEND = YES;
				ENABLE_TESTABILITY = YES;
				GCC_C_LANGUAGE_STANDARD = gnu11;
				GCC_DYNAMIC_NO_PIC = NO;
				GCC_NO_COMMON_BLOCKS = YES;
				GCC_OPTIMIZATION_LEVEL = 0;
				GCC_PREPROCESSOR_DEFINITIONS = (
					"DEBUG=1",
					"$(inherited)",
				);
				GCC_WARN_64_TO_32_BIT_CONVERSION = YES;
				GCC_WARN_ABOUT_RETURN_TYPE = YES_ERROR;
				GCC_WARN_UNDECLARED_SELECTOR = YES;
				GCC_WARN_UNINITIALIZED_AUTOS = YES_AGGRESSIVE;
				GCC_WARN_UNUSED_FUNCTION = YES;
				GCC_WARN_UNUSED_VARIABLE = YES;
				IPHONEOS_DEPLOYMENT_TARGET = 11.2;
				MTL_ENABLE_DEBUG_INFO = YES;
				ONLY_ACTIVE_ARCH = YES;
				SDKROOT = iphoneos;
			};
			name = Debug;
		};
		A204527A20DE49600009FEB1 /* Release */ = {
			isa = XCBuildConfiguration;
			buildSettings = {
				ALWAYS_SEARCH_USER_PATHS = NO;
				CLANG_ANALYZER_NONNULL = YES;
				CLANG_ANALYZER_NUMBER_OBJECT_CONVERSION = YES_AGGRESSIVE;
				CLANG_CXX_LANGUAGE_STANDARD = "gnu++14";
				CLANG_CXX_LIBRARY = "libc++";
				CLANG_ENABLE_MODULES = YES;
				CLANG_ENABLE_OBJC_ARC = YES;
				CLANG_WARN_BLOCK_CAPTURE_AUTORELEASING = YES;
				CLANG_WARN_BOOL_CONVERSION = YES;
				CLANG_WARN_COMMA = YES;
				CLANG_WARN_CONSTANT_CONVERSION = YES;
				CLANG_WARN_DIRECT_OBJC_ISA_USAGE = YES_ERROR;
				CLANG_WARN_DOCUMENTATION_COMMENTS = YES;
				CLANG_WARN_EMPTY_BODY = YES;
				CLANG_WARN_ENUM_CONVERSION = YES;
				CLANG_WARN_INFINITE_RECURSION = YES;
				CLANG_WARN_INT_CONVERSION = YES;
				CLANG_WARN_NON_LITERAL_NULL_CONVERSION = YES;
				CLANG_WARN_OBJC_LITERAL_CONVERSION = YES;
				CLANG_WARN_OBJC_ROOT_CLASS = YES_ERROR;
				CLANG_WARN_RANGE_LOOP_ANALYSIS = YES;
				CLANG_WARN_STRICT_PROTOTYPES = YES;
				CLANG_WARN_SUSPICIOUS_MOVE = YES;
				CLANG_WARN_UNGUARDED_AVAILABILITY = YES_AGGRESSIVE;
				CLANG_WARN_UNREACHABLE_CODE = YES;
				CLANG_WARN__DUPLICATE_METHOD_MATCH = YES;
				CODE_SIGN_IDENTITY = "iPhone Developer";
				COPY_PHASE_STRIP = NO;
				DEBUG_INFORMATION_FORMAT = "dwarf-with-dsym";
				ENABLE_NS_ASSERTIONS = NO;
				ENABLE_STRICT_OBJC_MSGSEND = YES;
				GCC_C_LANGUAGE_STANDARD = gnu11;
				GCC_NO_COMMON_BLOCKS = YES;
				GCC_WARN_64_TO_32_BIT_CONVERSION = YES;
				GCC_WARN_ABOUT_RETURN_TYPE = YES_ERROR;
				GCC_WARN_UNDECLARED_SELECTOR = YES;
				GCC_WARN_UNINITIALIZED_AUTOS = YES_AGGRESSIVE;
				GCC_WARN_UNUSED_FUNCTION = YES;
				GCC_WARN_UNUSED_VARIABLE = YES;
				IPHONEOS_DEPLOYMENT_TARGET = 11.2;
				MTL_ENABLE_DEBUG_INFO = NO;
				SDKROOT = iphoneos;
				VALIDATE_PRODUCT = YES;
			};
			name = Release;
		};
		A204527C20DE49600009FEB1 /* Debug */ = {
			isa = XCBuildConfiguration;
			baseConfigurationReference = 17DE29891C3B1808D6F494B9 /* Pods-录屏demo.debug.xcconfig */;
			buildSettings = {
				ASSETCATALOG_COMPILER_APPICON_NAME = AppIcon;
				CODE_SIGN_STYLE = Automatic;
				DEVELOPMENT_TEAM = RZCH27JL7D;
				GCC_PRECOMPILE_PREFIX_HEADER = YES;
				GCC_PREFIX_HEADER = "$(SRCROOT)/录屏demo.pch";
				INFOPLIST_FILE = "录屏demo/Info.plist";
				LD_RUNPATH_SEARCH_PATHS = "$(inherited) @executable_path/Frameworks";
				PRODUCT_BUNDLE_IDENTIFIER = "com.zkl.--demo";
				PRODUCT_NAME = "$(TARGET_NAME)";
				TARGETED_DEVICE_FAMILY = "1,2";
			};
			name = Debug;
		};
		A204527D20DE49600009FEB1 /* Release */ = {
			isa = XCBuildConfiguration;
			baseConfigurationReference = BE57D40DDF74A9B81D8E4C55 /* Pods-录屏demo.release.xcconfig */;
			buildSettings = {
				ASSETCATALOG_COMPILER_APPICON_NAME = AppIcon;
				CODE_SIGN_STYLE = Automatic;
				DEVELOPMENT_TEAM = RZCH27JL7D;
				GCC_PRECOMPILE_PREFIX_HEADER = YES;
				GCC_PREFIX_HEADER = "$(SRCROOT)/录屏demo.pch";
				INFOPLIST_FILE = "录屏demo/Info.plist";
				LD_RUNPATH_SEARCH_PATHS = "$(inherited) @executable_path/Frameworks";
				PRODUCT_BUNDLE_IDENTIFIER = "com.zkl.--demo";
				PRODUCT_NAME = "$(TARGET_NAME)";
				TARGETED_DEVICE_FAMILY = "1,2";
			};
			name = Release;
		};
/* End XCBuildConfiguration section */

/* Begin XCConfigurationList section */
		A204526020DE49600009FEB1 /* Build configuration list for PBXProject "录屏demo" */ = {
			isa = XCConfigurationList;
			buildConfigurations = (
				A204527920DE49600009FEB1 /* Debug */,
				A204527A20DE49600009FEB1 /* Release */,
			);
			defaultConfigurationIsVisible = 0;
			defaultConfigurationName = Release;
		};
		A204527B20DE49600009FEB1 /* Build configuration list for PBXNativeTarget "录屏demo" */ = {
			isa = XCConfigurationList;
			buildConfigurations = (
				A204527C20DE49600009FEB1 /* Debug */,
				A204527D20DE49600009FEB1 /* Release */,
			);
			defaultConfigurationIsVisible = 0;
			defaultConfigurationName = Release;
		};
/* End XCConfigurationList section */
	};
	rootObject = A204525D20DE49600009FEB1 /* Project object */;
}
